
Microsoft Visual Studio Solution File, Format Version 12.00
# Visual Studio 15
Project("{FAE04EC0-301F-11D3-BF4B-00C04F79EFBC}") = "OrderApplication", "OrderApplication\OrderApplication.csproj", "{F5B2BFF2-F9E7-4ECE-8386-9817875D80EF}"
EndProject
Global
	GlobalSection(SolutionConfigurationPlatforms) = preSolution
		Debug|Any CPU = Debug|Any CPU
		Release|Any CPU = Release|Any CPU
	EndGlobalSection
	GlobalSection(ProjectConfigurationPlatforms) = postSolution
		{F5B2BFF2-F9E7-4ECE-8386-9817875D80EF}.Debug|Any CPU.ActiveCfg = Debug|Any CPU
		{F5B2BFF2-F9E7-4ECE-8386-9817875D80EF}.Debug|Any CPU.Build.0 = Debug|Any CPU
		{F5B2BFF2-F9E7-4ECE-8386-9817875D80EF}.Release|Any CPU.ActiveCfg = Release|Any CPU
		{F5B2BFF2-F9E7-4ECE-8386-9817875D80EF}.Release|Any CPU.Build.0 = Release|Any CPU
	EndGlobalSection
EndGlobal
